{
  "version": 4,
  "terraform_version": "1.14.9",
  "serial": 29,
  "lineage": "ae5d02ff-0c52-e4f2-0fe7-2fa5a07cec3b",
  "outputs": {},
  "resources": [
    {
      "mode": "data",
      "type": "aws_iam_role",
      "name": "lab_role",
      "provider": "provider[\"registry.terraform.io/hashicorp/aws\"]",
      "instances": [
        {
          "schema_version": 0,
          "attributes": {
            "arn": "arn:aws:iam::381492069928:role/LabRole",
            "assume_role_policy": "{\"Version\":\"2012-10-17\",\"Statement\":[{\"Effect\":\"Allow\",\"Principal\":{\"AWS\":\"arn:aws:iam::381492069928:role/LabRole\",\"Service\":[\"elasticloadbalancing.amazonaws.com\",\"iot.amazonaws.com\",\"iotevents.amazonaws.com\",\"elasticfilesystem.amazonaws.com\",\"iotanalytics.amazonaws.com\",\"sns.amazonaws.com\",\"application-autoscaling.amazonaws.com\",\"rekognition.amazonaws.com\",\"ec2.amazonaws.com\",\"cloudtrail.amazonaws.com\",\"logs.amazonaws.com\",\"glue.amazonaws.com\",\"lambda.amazonaws.com\",\"events.amazonaws.com\",\"codecommit.amazonaws.com\",\"kinesis.amazonaws.com\",\"sqs.amazonaws.com\",\"codedeploy.amazonaws.com\",\"eks.amazonaws.com\",\"cognito-idp.amazonaws.com\",\"kinesisanalytics.amazonaws.com\",\"ecs.amazonaws.com\",\"dynamodb.amazonaws.com\",\"s3.amazonaws.com\",\"eks-fargate-pods.amazonaws.com\",\"ssm.amazonaws.com\",\"redshift.amazonaws.com\",\"secretsmanager.amazonaws.com\",\"sagemaker.amazonaws.com\",\"databrew.amazonaws.com\",\"ec2.application-autoscaling.amazonaws.com\",\"resource-groups.amazonaws.com\",\"cloudformation.amazonaws.com\",\"elasticmapreduce.amazonaws.com\",\"kms.amazonaws.com\",\"states.amazonaws.com\",\"elasticbeanstalk.amazonaws.com\",\"deepracer.amazonaws.com\",\"athena.amazonaws.com\",\"firehose.amazonaws.com\",\"apigateway.amazonaws.com\",\"pipes.amazonaws.com\",\"servicecatalog.amazonaws.com\",\"backup.amazonaws.com\",\"codewhisperer.amazonaws.com\",\"forecast.amazonaws.com\",\"rds.amazonaws.com\",\"credentials.iot.amazonaws.com\",\"autoscaling.amazonaws.com\",\"batch.amazonaws.com\",\"scheduler.amazonaws.com\",\"cloud9.amazonaws.com\",\"ecs-tasks.amazonaws.com\"]},\"Action\":\"sts:AssumeRole\"}]}",
            "create_date": "2026-04-15T22:31:39Z",
            "description": "",
            "id": "LabRole",
            "max_session_duration": 3600,
            "name": "LabRole",
            "path": "/",
            "permissions_boundary": "",
            "role_last_used": [
              {
                "last_used_date": "2026-05-14T00:40:09Z",
                "region": "us-east-1"
              }
            ],
            "tags": {
              "cloudlab": "c202136a5159325l14153162t1w381492069928"
            },
            "unique_id": "AROAVRUVTAYUNJNVPT3DE"
          },
          "sensitive_attributes": [],
          "identity_schema_version": 0
        }
      ]
    },
    {
      "mode": "managed",
      "type": "aws_security_group",
      "name": "sg_api",
      "provider": "provider[\"registry.terraform.io/hashicorp/aws\"]",
      "instances": [
        {
          "schema_version": 1,
          "attributes": {
            "arn": "arn:aws:ec2:us-east-1:381492069928:security-group/sg-032e87e5b2e2c91e7",
            "description": "API security group",
            "egress": [
              {
                "cidr_blocks": [
                  "0.0.0.0/0"
                ],
                "description": "",
                "from_port": 0,
                "ipv6_cidr_blocks": [],
                "prefix_list_ids": [],
                "protocol": "-1",
                "security_groups": [],
                "self": false,
                "to_port": 0
              }
            ],
            "id": "sg-032e87e5b2e2c91e7",
            "ingress": [
              {
                "cidr_blocks": [
                  "0.0.0.0/0"
                ],
                "description": "",
                "from_port": 22,
                "ipv6_cidr_blocks": [],
                "prefix_list_ids": [],
                "protocol": "tcp",
                "security_groups": [],
                "self": false,
                "to_port": 22
              },
              {
                "cidr_blocks": [
                  "0.0.0.0/0"
                ],
                "description": "",
                "from_port": 8000,
                "ipv6_cidr_blocks": [],
                "prefix_list_ids": [],
                "protocol": "tcp",
                "security_groups": [],
                "self": false,
                "to_port": 8000
              }
            ],
            "name": "proyecto-sg-api",
            "name_prefix": "",
            "owner_id": "381492069928",
            "revoke_rules_on_delete": false,
            "tags": {
              "Name": "proyecto-sg-api"
            },
            "tags_all": {
              "Name": "proyecto-sg-api"
            },
            "timeouts": null,
            "vpc_id": "vpc-055b57b4906f95f03"
          },
          "sensitive_attributes": [],
          "identity_schema_version": 0,
          "private": "eyJlMmJmYjczMC1lY2FhLTExZTYtOGY4OC0zNDM2M2JjN2M0YzAiOnsiY3JlYXRlIjo2MDAwMDAwMDAwMDAsImRlbGV0ZSI6OTAwMDAwMDAwMDAwfSwic2NoZW1hX3ZlcnNpb24iOiIxIn0="
        }
      ]
    },
    {
      "mode": "managed",
      "type": "aws_security_group",
      "name": "sg_haproxy",
      "provider": "provider[\"registry.terraform.io/hashicorp/aws\"]",
      "instances": [
        {
          "schema_version": 1,
          "attributes": {
            "arn": "arn:aws:ec2:us-east-1:381492069928:security-group/sg-0bf893a5b3bee3691",
            "description": "HAProxy load balancer security group",
            "egress": [
              {
                "cidr_blocks": [
                  "0.0.0.0/0"
                ],
                "description": "",
                "from_port": 0,
                "ipv6_cidr_blocks": [],
                "prefix_list_ids": [],
                "protocol": "-1",
                "security_groups": [],
                "self": false,
                "to_port": 0
              }
            ],
            "id": "sg-0bf893a5b3bee3691",
            "ingress": [
              {
                "cidr_blocks": [
                  "0.0.0.0/0"
                ],
                "description": "",
                "from_port": 22,
                "ipv6_cidr_blocks": [],
                "prefix_list_ids": [],
                "protocol": "tcp",
                "security_groups": [],
                "self": false,
                "to_port": 22
              },
              {
                "cidr_blocks": [
                  "0.0.0.0/0"
                ],
                "description": "",
                "from_port": 80,
                "ipv6_cidr_blocks": [],
                "prefix_list_ids": [],
                "protocol": "tcp",
                "security_groups": [],
                "self": false,
                "to_port": 80
              }
            ],
            "name": "proyecto-sg-haproxy",
            "name_prefix": "",
            "owner_id": "381492069928",
            "revoke_rules_on_delete": false,
            "tags": {
              "Name": "proyecto-sg-haproxy"
            },
            "tags_all": {
              "Name": "proyecto-sg-haproxy"
            },
            "timeouts": null,
            "vpc_id": "vpc-055b57b4906f95f03"
          },
          "sensitive_attributes": [],
          "identity_schema_version": 0,
          "private": "eyJlMmJmYjczMC1lY2FhLTExZTYtOGY4OC0zNDM2M2JjN2M0YzAiOnsiY3JlYXRlIjo2MDAwMDAwMDAwMDAsImRlbGV0ZSI6OTAwMDAwMDAwMDAwfSwic2NoZW1hX3ZlcnNpb24iOiIxIn0="
        }
      ]
    },
    {
      "mode": "managed",
      "type": "aws_security_group",
      "name": "sg_postgres",
      "provider": "provider[\"registry.terraform.io/hashicorp/aws\"]",
      "instances": [
        {
          "schema_version": 1,
          "attributes": {
            "arn": "arn:aws:ec2:us-east-1:381492069928:security-group/sg-0ad6edc8b8a7176c0",
            "description": "PostgreSQL security group",
            "egress": [
              {
                "cidr_blocks": [
                  "0.0.0.0/0"
                ],
                "description": "",
                "from_port": 0,
                "ipv6_cidr_blocks": [],
                "prefix_list_ids": [],
                "protocol": "-1",
                "security_groups": [],
                "self": false,
                "to_port": 0
              }
            ],
            "id": "sg-0ad6edc8b8a7176c0",
            "ingress": [
              {
                "cidr_blocks": [
                  "0.0.0.0/0"
                ],
                "description": "",
                "from_port": 22,
                "ipv6_cidr_blocks": [],
                "prefix_list_ids": [],
                "protocol": "tcp",
                "security_groups": [],
                "self": false,
                "to_port": 22
              },
              {
                "cidr_blocks": [
                  "0.0.0.0/0"
                ],
                "description": "",
                "from_port": 5432,
                "ipv6_cidr_blocks": [],
                "prefix_list_ids": [],
                "protocol": "tcp",
                "security_groups": [],
                "self": false,
                "to_port": 5432
              }
            ],
            "name": "proyecto-sg-postgres",
            "name_prefix": "",
            "owner_id": "381492069928",
            "revoke_rules_on_delete": false,
            "tags": {
              "Name": "proyecto-sg-postgres"
            },
            "tags_all": {
              "Name": "proyecto-sg-postgres"
            },
            "timeouts": null,
            "vpc_id": "vpc-055b57b4906f95f03"
          },
          "sensitive_attributes": [],
          "identity_schema_version": 0,
          "private": "eyJlMmJmYjczMC1lY2FhLTExZTYtOGY4OC0zNDM2M2JjN2M0YzAiOnsiY3JlYXRlIjo2MDAwMDAwMDAwMDAsImRlbGV0ZSI6OTAwMDAwMDAwMDAwfSwic2NoZW1hX3ZlcnNpb24iOiIxIn0="
        }
      ]
    },
    {
      "mode": "managed",
      "type": "aws_security_group",
      "name": "sg_rabbitmq",
      "provider": "provider[\"registry.terraform.io/hashicorp/aws\"]",
      "instances": [
        {
          "schema_version": 1,
          "attributes": {
            "arn": "arn:aws:ec2:us-east-1:381492069928:security-group/sg-0a00f9bfb68421716",
            "description": "RabbitMQ security group",
            "egress": [
              {
                "cidr_blocks": [
                  "0.0.0.0/0"
                ],
                "description": "",
                "from_port": 0,
                "ipv6_cidr_blocks": [],
                "prefix_list_ids": [],
                "protocol": "-1",
                "security_groups": [],
                "self": false,
                "to_port": 0
              }
            ],
            "id": "sg-0a00f9bfb68421716",
            "ingress": [
              {
                "cidr_blocks": [
                  "0.0.0.0/0"
                ],
                "description": "",
                "from_port": 15672,
                "ipv6_cidr_blocks": [],
                "prefix_list_ids": [],
                "protocol": "tcp",
                "security_groups": [],
                "self": false,
                "to_port": 15672
              },
              {
                "cidr_blocks": [
                  "0.0.0.0/0"
                ],
                "description": "",
                "from_port": 22,
                "ipv6_cidr_blocks": [],
                "prefix_list_ids": [],
                "protocol": "tcp",
                "security_groups": [],
                "self": false,
                "to_port": 22
              },
              {
                "cidr_blocks": [
                  "0.0.0.0/0"
                ],
                "description": "",
                "from_port": 5672,
                "ipv6_cidr_blocks": [],
                "prefix_list_ids": [],
                "protocol": "tcp",
                "security_groups": [],
                "self": false,
                "to_port": 5672
              }
            ],
            "name": "proyecto-sg-rabbitmq",
            "name_prefix": "",
            "owner_id": "381492069928",
            "revoke_rules_on_delete": false,
            "tags": {
              "Name": "proyecto-sg-rabbitmq"
            },
            "tags_all": {
              "Name": "proyecto-sg-rabbitmq"
            },
            "timeouts": null,
            "vpc_id": "vpc-055b57b4906f95f03"
          },
          "sensitive_attributes": [],
          "identity_schema_version": 0,
          "private": "eyJlMmJmYjczMC1lY2FhLTExZTYtOGY4OC0zNDM2M2JjN2M0YzAiOnsiY3JlYXRlIjo2MDAwMDAwMDAwMDAsImRlbGV0ZSI6OTAwMDAwMDAwMDAwfSwic2NoZW1hX3ZlcnNpb24iOiIxIn0="
        }
      ]
    },
    {
      "mode": "managed",
      "type": "aws_security_group",
      "name": "sg_worker",
      "provider": "provider[\"registry.terraform.io/hashicorp/aws\"]",
      "instances": [
        {
          "schema_version": 1,
          "attributes": {
            "arn": "arn:aws:ec2:us-east-1:381492069928:security-group/sg-0d9d12eaaadcf5f23",
            "description": "Worker security group",
            "egress": [
              {
                "cidr_blocks": [
                  "0.0.0.0/0"
                ],
                "description": "",
                "from_port": 0,
                "ipv6_cidr_blocks": [],
                "prefix_list_ids": [],
                "protocol": "-1",
                "security_groups": [],
                "self": false,
                "to_port": 0
              }
            ],
            "id": "sg-0d9d12eaaadcf5f23",
            "ingress": [
              {
                "cidr_blocks": [
                  "0.0.0.0/0"
                ],
                "description": "",
                "from_port": 22,
                "ipv6_cidr_blocks": [],
                "prefix_list_ids": [],
                "protocol": "tcp",
                "security_groups": [],
                "self": false,
                "to_port": 22
              }
            ],
            "name": "proyecto-sg-worker",
            "name_prefix": "",
            "owner_id": "381492069928",
            "revoke_rules_on_delete": false,
            "tags": {
              "Name": "proyecto-sg-worker"
            },
            "tags_all": {
              "Name": "proyecto-sg-worker"
            },
            "timeouts": null,
            "vpc_id": "vpc-055b57b4906f95f03"
          },
          "sensitive_attributes": [],
          "identity_schema_version": 0,
          "private": "eyJlMmJmYjczMC1lY2FhLTExZTYtOGY4OC0zNDM2M2JjN2M0YzAiOnsiY3JlYXRlIjo2MDAwMDAwMDAwMDAsImRlbGV0ZSI6OTAwMDAwMDAwMDAwfSwic2NoZW1hX3ZlcnNpb24iOiIxIn0="
        }
      ]
    }
  ],
  "check_results": null
}
